{
  "version": "2",
  "remote": {
    "https://deno.land/std@0.150.0/media_types/_util.ts": "ce9b4fc4ba1c447dafab619055e20fd88236ca6bdd7834a21f98bd193c3fbfa1",
    "https://deno.land/std@0.150.0/media_types/mod.ts": "2d4b6f32a087029272dc59e0a55ae3cc4d1b27b794ccf528e94b1925795b3118",
    "https://deno.land/std@0.150.0/media_types/vendor/mime-db.v1.52.0.ts": "724cee25fa40f1a52d3937d6b4fbbfdd7791ff55e1b7ac08d9319d5632c7f5af",
    "https://deno.land/std@0.159.0/path/_constants.ts": "df1db3ffa6dd6d1252cc9617e5d72165cd2483df90e93833e13580687b6083c3",
    "https://deno.land/std@0.159.0/path/_interface.ts": "ee3b431a336b80cf445441109d089b70d87d5e248f4f90ff906820889ecf8d09",
    "https://deno.land/std@0.159.0/path/_util.ts": "d16be2a16e1204b65f9d0dfc54a9bc472cafe5f4a190b3c8471ec2016ccd1677",
    "https://deno.land/std@0.159.0/path/posix.ts": "c1f7afe274290ea0b51da07ee205653b2964bd74909a82deb07b69a6cc383aaa",
    "https://deno.land/std@0.170.0/_util/asserts.ts": "d0844e9b62510f89ce1f9878b046f6a57bf88f208a10304aab50efcb48365272",
    "https://deno.land/std@0.170.0/_util/os.ts": "8a33345f74990e627b9dfe2de9b040004b08ea5146c7c9e8fe9a29070d193934",
    "https://deno.land/std@0.170.0/bytes/index_of_needle.ts": "19db73583cf6e038ca7763dd9fe9b9f2733ffa8be530d7b42f52bc9f3c2ee989",
    "https://deno.land/std@0.170.0/encoding/base64.ts": "8605e018e49211efc767686f6f687827d7f5fd5217163e981d8d693105640d7a",
    "https://deno.land/std@0.170.0/encoding/base64url.ts": "0283b12fcd306c11e3cf26fc022fecc800c6acc19704ea8bdb3908898fcd06d6",
    "https://deno.land/std@0.170.0/node/_core.ts": "92e000441742387f7ded7cc582ca4089c0bc13aa5f00cecdfa4876dc832dfd10",
    "https://deno.land/std@0.170.0/node/_utils.ts": "1085a229e910b3a6672f3c3be05507591811dc67be2ae2188e9fc9ef4376b172",
    "https://deno.land/std@0.170.0/node/buffer.ts": "43f07b2d1523345bf35b7deb7fcdad6e916020a631a7bc1b5efcaff556db4e1d",
    "https://deno.land/std@0.170.0/node/internal/buffer.d.ts": "90f674081428a61978b6d481c5f557ff743a3f4a85d7ae113caab48fdf5b8a63",
    "https://deno.land/std@0.170.0/node/internal/buffer.mjs": "50320a6bcf770f03428e77e5ba46b19f69842539c6493b89c6515ba1b0def6ee",
    "https://deno.land/std@0.170.0/node/internal/crypto/_keys.ts": "63229ff3d8d15b5bd0a1d2ebc19313cbb8ac969875bf16df1ce4f2b497d74fb5",
    "https://deno.land/std@0.170.0/node/internal/crypto/constants.ts": "d2c8821977aef55e4d66414d623c24a2447791a8b49b6404b8db32d81e20c315",
    "https://deno.land/std@0.170.0/node/internal/error_codes.ts": "ac03c4eae33de3a69d6c98e8678003207eecf75a6900eb847e3fea3c8c9e6d8f",
    "https://deno.land/std@0.170.0/node/internal/errors.ts": "b9aec7d1fe3eaf21322d0ea9dc2fcb344055d6b0c7a1bd0f62a0c379a5baa799",
    "https://deno.land/std@0.170.0/node/internal/hide_stack_frames.ts": "a91962ec84610bc7ec86022c4593cdf688156a5910c07b5bcd71994225c13a03",
    "https://deno.land/std@0.170.0/node/internal/normalize_encoding.mjs": "3779ec8a7adf5d963b0224f9b85d1bc974a2ec2db0e858396b5d3c2c92138a0a",
    "https://deno.land/std@0.170.0/node/internal/primordials.mjs": "7cf5afe471583e4a384eeea109bdff276b6b7f3a3af830f99f951fb7d57ef423",
    "https://deno.land/std@0.170.0/node/internal/util.mjs": "35d24fb775468cd24443bcf0ec68904b8aa44e5b53845491a5e3382421917f9a",
    "https://deno.land/std@0.170.0/node/internal/util/inspect.mjs": "1ddace0c97719d2cc0869ba177d375e96051301352ec235cbfb2ecbfcd4e8fba",
    "https://deno.land/std@0.170.0/node/internal/util/types.ts": "5b15a8051a6e58b6c1a424e0e7137b77b0ef60409d54d05db22a97e0d1d5b589",
    "https://deno.land/std@0.170.0/node/internal/validators.mjs": "67deae0f488d013c8bf485742a5478112b8e48837cb2458c4a8b2669cf7017db",
    "https://deno.land/std@0.170.0/node/internal_binding/_libuv_winerror.ts": "801e05c2742ae6cd42a5f0fd555a255a7308a65732551e962e5345f55eedc519",
    "https://deno.land/std@0.170.0/node/internal_binding/_node.ts": "e4075ba8a37aef4eb5b592c8e3807c39cb49ca8653faf8e01a43421938076c1b",
    "https://deno.land/std@0.170.0/node/internal_binding/_utils.ts": "1c50883b5751a9ea1b38951e62ed63bacfdc9d69ea665292edfa28e1b1c5bd94",
    "https://deno.land/std@0.170.0/node/internal_binding/_winerror.ts": "8811d4be66f918c165370b619259c1f35e8c3e458b8539db64c704fbde0a7cd2",
    "https://deno.land/std@0.170.0/node/internal_binding/buffer.ts": "dfba9e1a50b637cfd72e569aa11959dcaf626b898ab7e851d21526a2bdaec588",
    "https://deno.land/std@0.170.0/node/internal_binding/constants.ts": "1ad4de9f76733320527c8bc841b5e4dd5869424924384157a72f3b171bd05b08",
    "https://deno.land/std@0.170.0/node/internal_binding/string_decoder.ts": "5cb1863763d1e9b458bc21d6f976f16d9c18b3b3f57eaf0ade120aee38fba227",
    "https://deno.land/std@0.170.0/node/internal_binding/types.ts": "69000b1b92e0ca999c737f5add38827742b3ca3fe37a2389c80290de0ae6ef01",
    "https://deno.land/std@0.170.0/node/internal_binding/util.ts": "faf5146c3cc3b2d6c26026a818b4a16e91488ab26e63c069f36ba3c3ae24c97b",
    "https://deno.land/std@0.170.0/node/internal_binding/uv.ts": "27922aaec43de314afd99dfca1ce8f4d51ced9f5195e4917b54d387766404f61",
    "https://deno.land/x/tuner@v0.0.3/helpers/objTools.ts": "58e603c3a52417882d713747f8c0a576af104ccf26810a059c8b81766fe9a29d",
    "https://deno.land/x/tuner@v0.0.3/schema/generator.ts": "2ae24fda85061a6c992d722ddc274bd4988bcb9db5cf97e96bb5bc46b6ccb3e0",
    "https://deno.land/x/tuner@v0.0.3/src/manager.ts": "b60cd770008f662df5ff69fe3e071e2ed009ff0bd7e5980476f83fcef2cc4a6d",
    "https://deno.land/x/tuner@v0.0.3/src/mod.ts": "d4733ef75a26fd51eece87e64aa036b221fc118c1b58df64230f693f0e49c3d7",
    "https://deno.land/x/xhr@0.3.0/mod.ts": "094aacd627fd9635cd942053bf8032b5223b909858fa9dc8ffa583752ff63b20",
    "https://deno.land/x/zod@v3.21.4/ZodError.ts": "4de18ff525e75a0315f2c12066b77b5c2ae18c7c15ef7df7e165d63536fdf2ea",
    "https://deno.land/x/zod@v3.21.4/errors.ts": "5285922d2be9700cc0c70c95e4858952b07ae193aa0224be3cbd5cd5567eabef",
    "https://deno.land/x/zod@v3.21.4/external.ts": "a6cfbd61e9e097d5f42f8a7ed6f92f93f51ff927d29c9fbaec04f03cbce130fe",
    "https://deno.land/x/zod@v3.21.4/helpers/enumUtil.ts": "54efc393cc9860e687d8b81ff52e980def00fa67377ad0bf8b3104f8a5bf698c",
    "https://deno.land/x/zod@v3.21.4/helpers/errorUtil.ts": "7a77328240be7b847af6de9189963bd9f79cab32bbc61502a9db4fe6683e2ea7",
    "https://deno.land/x/zod@v3.21.4/helpers/parseUtil.ts": "51a76c126ee212be86013d53a9d07f87e9ae04bb1496f2558e61b62cb74a6aa8",
    "https://deno.land/x/zod@v3.21.4/helpers/partialUtil.ts": "998c2fe79795257d4d1cf10361e74492f3b7d852f61057c7c08ac0a46488b7e7",
    "https://deno.land/x/zod@v3.21.4/helpers/typeAliases.ts": "0fda31a063c6736fc3cf9090dd94865c811dfff4f3cb8707b932bf937c6f2c3e",
    "https://deno.land/x/zod@v3.21.4/helpers/util.ts": "8baf19b19b2fca8424380367b90364b32503b6b71780269a6e3e67700bb02774",
    "https://deno.land/x/zod@v3.21.4/index.ts": "d27aabd973613985574bc31f39e45cb5d856aa122ef094a9f38a463b8ef1a268",
    "https://deno.land/x/zod@v3.21.4/locales/en.ts": "a7a25cd23563ccb5e0eed214d9b31846305ddbcdb9c5c8f508b108943366ab4c",
    "https://deno.land/x/zod@v3.21.4/mod.ts": "64e55237cb4410e17d968cd08975566059f27638ebb0b86048031b987ba251c4",
    "https://deno.land/x/zod@v3.21.4/types.ts": "b5d061babea250de14fc63764df5b3afa24f2b088a1d797fc060ba49a0ddff28",
    "https://esm.sh/@supabase/supabase-js@2.14.0": "9aa791188e3216d8323f658a8f60804f801a4da2725594a14dd21bf661e6c123",
    "https://esm.sh/v121/@supabase/functions-js@2.1.1/deno/functions-js.mjs": "ef6370861bde55257e6c842da9f1a6611c48245832ef6b6aa0c51972043b2bf2",
    "https://esm.sh/v121/@supabase/functions-js@2.1.1/dist/module/FunctionsClient.d.ts": "c2e7bcf24374e6b99863f214eeef71e13d2c271039b48c9052c97f0cb3a16950",
    "https://esm.sh/v121/@supabase/functions-js@2.1.1/dist/module/index.d.ts": "1832b08edacd73b343430314bdf7af9ce456373fa3c5235b8dcdbbdf4e1d13ae",
    "https://esm.sh/v121/@supabase/functions-js@2.1.1/dist/module/types.d.ts": "085a4704c1c8969bcb9188fc018792f0c4e0387c465d26512ffc91d083767b76",
    "https://esm.sh/v121/@supabase/gotrue-js@2.26.0/deno/gotrue-js.mjs": "98f5df6d211ee1e9dbf0952a34d600d64a0c78de6977df6d425fb2bc489e8542",
    "https://esm.sh/v121/@supabase/gotrue-js@2.26.0/dist/module/GoTrueAdminApi.d.ts": "e26cd0616dfb78c1bd5a585ce693477968fa2d19b223b3f868e37c1b7927d16d",
    "https://esm.sh/v121/@supabase/gotrue-js@2.26.0/dist/module/GoTrueClient.d.ts": "0b469cd8b21a02f3fcf42bc5f5d6dfb749085bb8d610f039b03b1e8945487a9b",
    "https://esm.sh/v121/@supabase/gotrue-js@2.26.0/dist/module/index.d.ts": "8cdbab5746a3ce56786025593191032aeb560f933279507c260d2bb65e83b636",
    "https://esm.sh/v121/@supabase/gotrue-js@2.26.0/dist/module/lib/errors.d.ts": "c472599ecee0d5a06e22629d18e9e2eac44139f98301fe2ba0389c3209d80ff5",
    "https://esm.sh/v121/@supabase/gotrue-js@2.26.0/dist/module/lib/fetch.d.ts": "0124365bdd93bdaefc37112cad6eafefdb01ae36c657770a64df7dbf5f305342",
    "https://esm.sh/v121/@supabase/gotrue-js@2.26.0/dist/module/lib/helpers.d.ts": "5ecb2cb22300da6b8f8f0a7c6ee8e1a6920ef274b2d2f4370320902f1950f363",
    "https://esm.sh/v121/@supabase/gotrue-js@2.26.0/dist/module/lib/types.d.ts": "95b80c6052084b275b7b7260696b4c7e3a0f79f4d88bf96f4b0a54d1a5b6f020",
    "https://esm.sh/v121/@supabase/postgrest-js@1.6.1/deno/postgrest-js.mjs": "b535190abe2f1ac4801c0dbf81acb8afb19202f2f7ebb7cffe11b35d71996dc3",
    "https://esm.sh/v121/@supabase/postgrest-js@1.6.1/dist/module/PostgrestBuilder.d.ts": "ee10b40dfca08fccf846e2d4f21e1273dd6170629e04e8454937b79c4a073195",
    "https://esm.sh/v121/@supabase/postgrest-js@1.6.1/dist/module/PostgrestClient.d.ts": "70bddc51d63d92a5f6817be70f4e0d232c6758b425792adb6a9912844aa18747",
    "https://esm.sh/v121/@supabase/postgrest-js@1.6.1/dist/module/PostgrestFilterBuilder.d.ts": "452fe5e11b369a1096a65914bb7233ab833f10609752b03340b31403734b7704",
    "https://esm.sh/v121/@supabase/postgrest-js@1.6.1/dist/module/PostgrestQueryBuilder.d.ts": "cbb328da55c90e2c40ed6dbffdff02bb58e1acf4c6e0259ccedba47f3d5589e4",
    "https://esm.sh/v121/@supabase/postgrest-js@1.6.1/dist/module/PostgrestTransformBuilder.d.ts": "eda6937c25925489d93fb1f28b58346358d95aec887fefd5bebe4a74cf8e3948",
    "https://esm.sh/v121/@supabase/postgrest-js@1.6.1/dist/module/index.d.ts": "fffbd398e6b4db2b1320e819d395493f3169219cfec082e09787ae2bb02baaa3",
    "https://esm.sh/v121/@supabase/postgrest-js@1.6.1/dist/module/select-query-parser.d.ts": "0a7efc7f0c36eb5accafa57c84863f4f0ac708f630a55c8e753baff5f6482e86",
    "https://esm.sh/v121/@supabase/postgrest-js@1.6.1/dist/module/types.d.ts": "b62bb9fdf20676f829bcf01b2348c9766b5d14a0451a964496e96ac49fcc2758",
    "https://esm.sh/v121/@supabase/realtime-js@2.7.2/deno/realtime-js.mjs": "5919bc67fb5c3000b3c7d726b95a769555ce013db7414b819047c8136f177149",
    "https://esm.sh/v121/@supabase/realtime-js@2.7.2/dist/module/RealtimeChannel.d.ts": "25649c81d3afb47af94fcaad4e018c41082a5cabd7c7be8c31f1ae73f85a9feb",
    "https://esm.sh/v121/@supabase/realtime-js@2.7.2/dist/module/RealtimeClient.d.ts": "1051d2176aa0bfcc715ec2f3b3ff7f0dbc289780884f78fbd896dac6a834a185",
    "https://esm.sh/v121/@supabase/realtime-js@2.7.2/dist/module/RealtimePresence.d.ts": "6fe85feda7fc3e2f9400836e10cbf5c7ab28b7532583e9204e50a38e1b4fa468",
    "https://esm.sh/v121/@supabase/realtime-js@2.7.2/dist/module/index.d.ts": "eeff0dbcd61707a889eb2370cf3617ef42ddc2f71d7d4d18e1e43542893c066d",
    "https://esm.sh/v121/@supabase/realtime-js@2.7.2/dist/module/lib/constants.d.ts": "b8392f2eb7cf41c3479c142875adbbe4b48bfafdced532165abc1cc68aa20cb5",
    "https://esm.sh/v121/@supabase/realtime-js@2.7.2/dist/module/lib/push.d.ts": "6c8e66ded1b50971ca48cbe5e33e02042f291b330f5010771925a054baec523d",
    "https://esm.sh/v121/@supabase/realtime-js@2.7.2/dist/module/lib/serializer.d.ts": "4990f875f6e9a1898655fdba7b822222f8b930bfb7c9253b4f047aa4b05d4ca1",
    "https://esm.sh/v121/@supabase/realtime-js@2.7.2/dist/module/lib/timer.d.ts": "ddf170afd193dc372316ed1f4a087f0e9732a5b8bd9cb9e5c3ac74f1cc676e31",
    "https://esm.sh/v121/@supabase/storage-js@2.5.1/deno/storage-js.mjs": "8d567851d06ffe8c65945882eba8a5f90ad1b69fb841fddd806ccf8af00e30ca",
    "https://esm.sh/v121/@supabase/storage-js@2.5.1/dist/module/StorageClient.d.ts": "716bdde7f3ea8f49606ac540ceb4b410facb9526668711ffb5676f7935f3408d",
    "https://esm.sh/v121/@supabase/storage-js@2.5.1/dist/module/index.d.ts": "07800a0eea5587ec26d8932a4f5f10871b9e017292ab05b74b27154fb5f98860",
    "https://esm.sh/v121/@supabase/storage-js@2.5.1/dist/module/lib/errors.d.ts": "753c82a97a0e1b05fec3989af93e4fbf2f4a3da3957584613768593ef5cc8bfc",
    "https://esm.sh/v121/@supabase/storage-js@2.5.1/dist/module/lib/fetch.d.ts": "18b68d37f6564cc754ade6371fc7e655a775e91b10abf0f45d0c037b93436761",
    "https://esm.sh/v121/@supabase/storage-js@2.5.1/dist/module/lib/types.d.ts": "bc29b8f4d3255b1a4de8fad248d4d639a7bd6f068811abc64e63e56fbf82cd75",
    "https://esm.sh/v121/@supabase/storage-js@2.5.1/dist/module/packages/StorageBucketApi.d.ts": "a208086081d13b7c864b62d35dcda19613662bc84470d792ef37ddcebccc5d70",
    "https://esm.sh/v121/@supabase/storage-js@2.5.1/dist/module/packages/StorageFileApi.d.ts": "7a9c1952045bb48647adc9906b94d26dcc07e1bd1c9ee6de973dde838d67467a",
    "https://esm.sh/v121/@supabase/supabase-js@2.14.0/deno/supabase-js.mjs": "420e2038eb9a550aa0cc6321769bd85c9a2c9da6df10171575f053da7e9e00d6",
    "https://esm.sh/v121/@supabase/supabase-js@2.14.0/dist/module/SupabaseClient.d.ts": "8d291f727e5ba3dcb5cb3e8ab53566224695b875985f84143f92e9c4627d91b7",
    "https://esm.sh/v121/@supabase/supabase-js@2.14.0/dist/module/index.d.ts": "b61bf2a5ce420f9b0fd397f460d94749e72aabe7cc6df03251da73a56ed40bfc",
    "https://esm.sh/v121/@supabase/supabase-js@2.14.0/dist/module/lib/SupabaseAuthClient.d.ts": "930a4ba5cd9d5314563ec4dcfc4ce3b9aba95f7d0d495f22648f2989cce6398f",
    "https://esm.sh/v121/@supabase/supabase-js@2.14.0/dist/module/lib/types.d.ts": "f3f801e36ef046318787d39e912a780c5e320d7430135b2b0b5aec91c83b3bf0",
    "https://esm.sh/v121/@types/phoenix@1.5.6/index.d.ts": "2b9f54bc632b077439fa3fb07a9daf30a77c668c27ef2ea14d3382acb445aca3",
    "https://esm.sh/v121/cross-fetch@3.1.5/deno/cross-fetch.mjs": "be43e2fc88afad172ee461e33d50e39d89511300013157a10008506c52fdbfd6",
    "https://esm.sh/v121/es5-ext@0.10.62/deno/global.js": "5fe45a955818afd1e0e8ad67eeb50f62a4b543588aefd727a1f9b732121a33fa",
    "https://esm.sh/v121/node.ns.d.ts": "0fb081f0cd2150931bd54baa04f31466abd9ca701fd9060d07931402cf8367ba",
    "https://esm.sh/v121/websocket@1.0.34/deno/websocket.mjs": "7a13d1581e4d5e624ddedb69b99544752c86f7b69ebef8466fc1561a2fa638c2"
  },
  "npm": {
    "specifiers": {
      "@orbs-network/ton-access": "@orbs-network/ton-access@2.3.3",
      "ton": "ton@13.5.0_ton-crypto@3.2.0",
      "ton-crypto": "ton-crypto@3.2.0"
    },
    "packages": {
      "@orbs-network/ton-access@2.3.3": {
        "integrity": "sha512-b1miCPts7wBG9JKYgzXIRZQm/LMy5Uk1mNK8NzlcXHL3HRHJkkFbuYJGuj3IkWCiIicW3Ipp4sYnn3Fwo4oB0g==",
        "dependencies": {
          "isomorphic-fetch": "isomorphic-fetch@3.0.0"
        }
      },
      "axios@0.25.0": {
        "integrity": "sha512-cD8FOb0tRH3uuEe6+evtAbgJtfxr7ly3fQjYcMcuPlgkwVS9xboaVIpcDV+cYQe+yGykgwZCs1pzjntcGa6l5g==",
        "dependencies": {
          "follow-redirects": "follow-redirects@1.15.2"
        }
      },
      "dataloader@2.2.2": {
        "integrity": "sha512-8YnDaaf7N3k/q5HnTJVuzSyLETjoZjVmHc4AeKAzOvKHEFQKcn64OKBfzHYtE9zGjctNM7V9I0MfnUVLpi7M5g==",
        "dependencies": {}
      },
      "follow-redirects@1.15.2": {
        "integrity": "sha512-VQLG33o04KaQ8uYi2tVNbdrWp1QWxNNea+nmIB4EVM28v0hmP17z7aG1+wAkNzVq4KeXTq3221ye5qTJP91JwA==",
        "dependencies": {}
      },
      "isomorphic-fetch@3.0.0": {
        "integrity": "sha512-qvUtwJ3j6qwsF3jLxkZ72qCgjMysPzDfeV240JHiGZsANBYd+EEuu35v7dfrJ9Up0Ak07D7GGSkGhCHTqg/5wA==",
        "dependencies": {
          "node-fetch": "node-fetch@2.6.11",
          "whatwg-fetch": "whatwg-fetch@3.6.2"
        }
      },
      "jssha@3.2.0": {
        "integrity": "sha512-QuruyBENDWdN4tZwJbQq7/eAK85FqrI4oDbXjy5IBhYD+2pTJyBUWZe8ctWaCkrV0gy6AaelgOZZBMeswEa/6Q==",
        "dependencies": {}
      },
      "node-fetch@2.6.11": {
        "integrity": "sha512-4I6pdBY1EthSqDmJkiNk3JIT8cswwR9nfeW/cPdUagJYEQG7R95WRH74wpz7ma8Gh/9dI9FP+OU+0E4FvtA55w==",
        "dependencies": {
          "whatwg-url": "whatwg-url@5.0.0"
        }
      },
      "symbol.inspect@1.0.1": {
        "integrity": "sha512-YQSL4duoHmLhsTD1Pw8RW6TZ5MaTX5rXJnqacJottr2P2LZBF/Yvrc3ku4NUpMOm8aM0KOCqM+UAkMA5HWQCzQ==",
        "dependencies": {}
      },
      "teslabot@1.5.0": {
        "integrity": "sha512-e2MmELhCgrgZEGo7PQu/6bmYG36IDH+YrBI1iGm6jovXkeDIGa3pZ2WSqRjzkuw2vt1EqfkZoV5GpXgqL8QJVg==",
        "dependencies": {}
      },
      "ton-core@0.49.1_ton-crypto@3.2.0": {
        "integrity": "sha512-qPQdGPGxCYUuF/ZzfaGU4pftbIU6fxkWCzehB2Ipf5yqo5BabZibLAXEQScgFKgjYDLXcMzptt/6DWQo5/LH+w==",
        "dependencies": {
          "symbol.inspect": "symbol.inspect@1.0.1",
          "ton-crypto": "ton-crypto@3.2.0"
        }
      },
      "ton-crypto-primitives@2.0.0": {
        "integrity": "sha512-K+qKjpS0h9sPW6oExcpxnzuQ7nEgHEiDKwIqE/jWD25o8iFGe3FWj1gKxFNbKE9wwYKc5IV8FwrU+raF0KO5nQ==",
        "dependencies": {
          "jssha": "jssha@3.2.0"
        }
      },
      "ton-crypto@3.2.0": {
        "integrity": "sha512-fltdBNQ45gARMuGMEOjPZWPJ5eSql8p3CA0Dj7tPv5lhU5ziT8SxXLAzDraR9HJ8YpjBHLVvYyhMLRiEwxgtMQ==",
        "dependencies": {
          "jssha": "jssha@3.2.0",
          "ton-crypto-primitives": "ton-crypto-primitives@2.0.0",
          "tweetnacl": "tweetnacl@1.0.3"
        }
      },
      "ton@13.5.0_ton-crypto@3.2.0": {
        "integrity": "sha512-pfuw1HQNurW3OGFTCM2JebLOYIwk8TJEjsbt0aSBUqBmPpayPkfWvkOa4xjJoFdRvb3+q3si2ePOdUfATXsI4g==",
        "dependencies": {
          "axios": "axios@0.25.0",
          "dataloader": "dataloader@2.2.2",
          "symbol.inspect": "symbol.inspect@1.0.1",
          "teslabot": "teslabot@1.5.0",
          "ton-core": "ton-core@0.49.1_ton-crypto@3.2.0",
          "ton-crypto": "ton-crypto@3.2.0",
          "zod": "zod@3.21.4"
        }
      },
      "tr46@0.0.3": {
        "integrity": "sha512-N3WMsuqV66lT30CrXNbEjx4GEwlow3v6rr4mCcv6prnfwhS01rkgyFdjPNBYd9br7LpXV1+Emh01fHnq2Gdgrw==",
        "dependencies": {}
      },
      "tweetnacl@1.0.3": {
        "integrity": "sha512-6rt+RN7aOi1nGMyC4Xa5DdYiukl2UWCbcJft7YhxReBGQD7OAM8Pbxw6YMo4r2diNEA8FEmu32YOn9rhaiE5yw==",
        "dependencies": {}
      },
      "webidl-conversions@3.0.1": {
        "integrity": "sha512-2JAn3z8AR6rjK8Sm8orRC0h/bcl/DqL7tRPdGZ4I1CjdF+EaMLmYxBHyXuKL849eucPFhvBoxMsflfOb8kxaeQ==",
        "dependencies": {}
      },
      "whatwg-fetch@3.6.2": {
        "integrity": "sha512-bJlen0FcuU/0EMLrdbJ7zOnW6ITZLrZMIarMUVmdKtsGvZna8vxKYaexICWPfZ8qwf9fzNq+UEIZrnSaApt6RA==",
        "dependencies": {}
      },
      "whatwg-url@5.0.0": {
        "integrity": "sha512-saE57nupxk6v3HY35+jzBwYa0rKSy0XR8JSxZPwgLr7ys0IBzhGviA1/TUGJLmSVqs8pb9AnvICXEuOHLprYTw==",
        "dependencies": {
          "tr46": "tr46@0.0.3",
          "webidl-conversions": "webidl-conversions@3.0.1"
        }
      },
      "zod@3.21.4": {
        "integrity": "sha512-m46AKbrzKVzOzs/DZgVnG5H55N1sv1M8qZU3A8RIKbs3mrACDNeIOeilDymVb2HdmP8uwshOCF4uJ8uM9rCqJw==",
        "dependencies": {}
      }
    }
  }
}
